
Microsoft Visual Studio Solution File, Format Version 12.00
# Visual Studio Version 17
VisualStudioVersion = 17.5.002.0
MinimumVisualStudioVersion = 10.0.40219.1
Project("{9A19103F-16F7-4668-BE54-9A1E7A4F7556}") = "RestingBitchFace", "RestingBitchFace.csproj", "{646BDDB3-8113-4CCF-BB5C-10247A1EFAFE}"
EndProject
Global
	GlobalSection(SolutionConfigurationPlatforms) = preSolution
		Debug|Any CPU = Debug|Any CPU
		Release|Any CPU = Release|Any CPU
	EndGlobalSection
	GlobalSection(ProjectConfigurationPlatforms) = postSolution
		{646BDDB3-8113-4CCF-BB5C-10247A1EFAFE}.Debug|Any CPU.ActiveCfg = Debug|Any CPU
		{646BDDB3-8113-4CCF-BB5C-10247A1EFAFE}.Debug|Any CPU.Build.0 = Debug|Any CPU
		{646BDDB3-8113-4CCF-BB5C-10247A1EFAFE}.Release|Any CPU.ActiveCfg = Release|Any CPU
		{646BDDB3-8113-4CCF-BB5C-10247A1EFAFE}.Release|Any CPU.Build.0 = Release|Any CPU
	EndGlobalSection
	GlobalSection(SolutionProperties) = preSolution
		HideSolutionNode = FALSE
	EndGlobalSection
	GlobalSection(ExtensibilityGlobals) = postSolution
		SolutionGuid = {304702FE-5270-4DCA-9DB8-A8A20155148E}
	EndGlobalSection
EndGlobal
